// !$*UTF8*$!
{
	archiveVersion = 1;
	classes = {
	};
	objectVersion = 55;
	objects = {

/* Begin PBXBuildFile section */
		E72BA62B27E649FE0097CB79 /* PeripheralStruct.swift in Sources */ = {isa = PBXBuildFile; fileRef = E72BA62A27E649FE0097CB79 /* PeripheralStruct.swift */; };
		E730DBB027E5032400DE7F22 /* Peripheral.xcdatamodeld in Sources */ = {isa = PBXBuildFile; fileRef = E730DBAE27E5032400DE7F22 /* Peripheral.xcdatamodeld */; };
		E730DBB227E51AE600DE7F22 /* DataController.swift in Sources */ = {isa = PBXBuildFile; fileRef = E730DBB127E51AE600DE7F22 /* DataController.swift */; };
		E79E520F27E26D7100F89909 /* AppDelegate.swift in Sources */ = {isa = PBXBuildFile; fileRef = E79E520E27E26D7100F89909 /* AppDelegate.swift */; };
		E79E521127E26D7100F89909 /* SceneDelegate.swift in Sources */ = {isa = PBXBuildFile; fileRef = E79E521027E26D7100F89909 /* SceneDelegate.swift */; };
		E79E521327E26D7100F89909 /* IntroViewController.swift in Sources */ = {isa = PBXBuildFile; fileRef = E79E521227E26D7100F89909 /* IntroViewController.swift */; };
		E79E521627E26D7100F89909 /* Main.storyboard in Resources */ = {isa = PBXBuildFile; fileRef = E79E521427E26D7100F89909 /* Main.storyboard */; };
		E79E521827E26D7200F89909 /* Assets.xcassets in Resources */ = {isa = PBXBuildFile; fileRef = E79E521727E26D7200F89909 /* Assets.xcassets */; };
		E79E521B27E26D7200F89909 /* LaunchScreen.storyboard in Resources */ = {isa = PBXBuildFile; fileRef = E79E521927E26D7200F89909 /* LaunchScreen.storyboard */; };
		E79E522627E26D7300F89909 /* signal_strength_iosTests.swift in Sources */ = {isa = PBXBuildFile; fileRef = E79E522527E26D7300F89909 /* signal_strength_iosTests.swift */; };
		E79E523027E26D7300F89909 /* signal_strength_iosUITests.swift in Sources */ = {isa = PBXBuildFile; fileRef = E79E522F27E26D7300F89909 /* signal_strength_iosUITests.swift */; };
		E79E523227E26D7300F89909 /* signal_strength_iosUITestsLaunchTests.swift in Sources */ = {isa = PBXBuildFile; fileRef = E79E523127E26D7300F89909 /* signal_strength_iosUITestsLaunchTests.swift */; };
		E79E523F27E276B400F89909 /* ResultViewController.swift in Sources */ = {isa = PBXBuildFile; fileRef = E79E523E27E276B400F89909 /* ResultViewController.swift */; };
/* End PBXBuildFile section */

/* Begin PBXContainerItemProxy section */
		E79E522227E26D7300F89909 /* PBXContainerItemProxy */ = {
			isa = PBXContainerItemProxy;
			containerPortal = E79E520327E26D7100F89909 /* Project object */;
			proxyType = 1;
			remoteGlobalIDString = E79E520A27E26D7100F89909;
			remoteInfo = signal_strength_ios;
		};
		E79E522C27E26D7300F89909 /* PBXContainerItemProxy */ = {
			isa = PBXContainerItemProxy;
			containerPortal = E79E520327E26D7100F89909 /* Project object */;
			proxyType = 1;
			remoteGlobalIDString = E79E520A27E26D7100F89909;
			remoteInfo = signal_strength_ios;
		};
/* End PBXContainerItemProxy section */

/* Begin PBXFileReference section */
		E72BA62A27E649FE0097CB79 /* PeripheralStruct.swift */ = {isa = PBXFileReference; lastKnownFileType = sourcecode.swift; path = PeripheralStruct.swift; sourceTree = "<group>"; };
		E730DBAF27E5032400DE7F22 /* Peripheral.xcdatamodel */ = {isa = PBXFileReference; lastKnownFileType = wrapper.xcdatamodel; path = Peripheral.xcdatamodel; sourceTree = "<group>"; };
		E730DBB127E51AE600DE7F22 /* DataController.swift */ = {isa = PBXFileReference; lastKnownFileType = sourcecode.swift; path = DataController.swift; sourceTree = "<group>"; };
		E79E520B27E26D7100F89909 /* signal_strength_ios.app */ = {isa = PBXFileReference; explicitFileType = wrapper.application; includeInIndex = 0; path = signal_strength_ios.app; sourceTree = BUILT_PRODUCTS_DIR; };
		E79E520E27E26D7100F89909 /* AppDelegate.swift */ = {isa = PBXFileReference; lastKnownFileType = sourcecode.swift; path = AppDelegate.swift; sourceTree = "<group>"; };
		E79E521027E26D7100F89909 /* SceneDelegate.swift */ = {isa = PBXFileReference; lastKnownFileType = sourcecode.swift; path = SceneDelegate.swift; sourceTree = "<group>"; };
		E79E521227E26D7100F89909 /* IntroViewController.swift */ = {isa = PBXFileReference; lastKnownFileType = sourcecode.swift; path = IntroViewController.swift; sourceTree = "<group>"; };
		E79E521527E26D7100F89909 /* Base */ = {isa = PBXFileReference; lastKnownFileType = file.storyboard; name = Base; path = Base.lproj/Main.storyboard; sourceTree = "<group>"; };
		E79E521727E26D7200F89909 /* Assets.xcassets */ = {isa = PBXFileReference; lastKnownFileType = folder.assetcatalog; path = Assets.xcassets; sourceTree = "<group>"; };
		E79E521A27E26D7200F89909 /* Base */ = {isa = PBXFileReference; lastKnownFileType = file.storyboard; name = Base; path = Base.lproj/LaunchScreen.storyboard; sourceTree = "<group>"; };
		E79E521C27E26D7200F89909 /* Info.plist */ = {isa = PBXFileReference; lastKnownFileType = text.plist.xml; path = Info.plist; sourceTree = "<group>"; };
		E79E522127E26D7300F89909 /* signal_strength_iosTests.xctest */ = {isa = PBXFileReference; explicitFileType = wrapper.cfbundle; includeInIndex = 0; path = signal_strength_iosTests.xctest; sourceTree = BUILT_PRODUCTS_DIR; };
		E79E522527E26D7300F89909 /* signal_strength_iosTests.swift */ = {isa = PBXFileReference; lastKnownFileType = sourcecode.swift; path = signal_strength_iosTests.swift; sourceTree = "<group>"; };
		E79E522B27E26D7300F89909 /* signal_strength_iosUITests.xctest */ = {isa = PBXFileReference; explicitFileType = wrapper.cfbundle; includeInIndex = 0; path = signal_strength_iosUITests.xctest; sourceTree = BUILT_PRODUCTS_DIR; };
		E79E522F27E26D7300F89909 /* signal_strength_iosUITests.swift */ = {isa = PBXFileReference; lastKnownFileType = sourcecode.swift; path = signal_strength_iosUITests.swift; sourceTree = "<group>"; };
		E79E523127E26D7300F89909 /* signal_strength_iosUITestsLaunchTests.swift */ = {isa = PBXFileReference; lastKnownFileType = sourcecode.swift; path = signal_strength_iosUITestsLaunchTests.swift; sourceTree = "<group>"; };
		E79E523E27E276B400F89909 /* ResultViewController.swift */ = {isa = PBXFileReference; lastKnownFileType = sourcecode.swift; path = ResultViewController.swift; sourceTree = "<group>"; };
/* End PBXFileReference section */

/* Begin PBXFrameworksBuildPhase section */
		E79E520827E26D7100F89909 /* Frameworks */ = {
			isa = PBXFrameworksBuildPhase;
			buildActionMask = 2147483647;
			files = (
			);
			runOnlyForDeploymentPostprocessing = 0;
		};
		E79E521E27E26D7300F89909 /* Frameworks */ = {
			isa = PBXFrameworksBuildPhase;
			buildActionMask = 2147483647;
			files = (
			);
			runOnlyForDeploymentPostprocessing = 0;
		};
		E79E522827E26D7300F89909 /* Frameworks */ = {
			isa = PBXFrameworksBuildPhase;
			buildActionMask = 2147483647;
			files = (
			);
			runOnlyForDeploymentPostprocessing = 0;
		};
/* End PBXFrameworksBuildPhase section */

/* Begin PBXGroup section */
		E72BA62927E649B20097CB79 /* structs */ = {
			isa = PBXGroup;
			children = (
				E72BA62A27E649FE0097CB79 /* PeripheralStruct.swift */,
			);
			path = structs;
			sourceTree = "<group>";
		};
		E79E520227E26D7100F89909 = {
			isa = PBXGroup;
			children = (
				E730DBAE27E5032400DE7F22 /* Peripheral.xcdatamodeld */,
				E79E520D27E26D7100F89909 /* signal_strength_ios */,
				E79E522427E26D7300F89909 /* signal_strength_iosTests */,
				E79E522E27E26D7300F89909 /* signal_strength_iosUITests */,
				E79E520C27E26D7100F89909 /* Products */,
			);
			sourceTree = "<group>";
		};
		E79E520C27E26D7100F89909 /* Products */ = {
			isa = PBXGroup;
			children = (
				E79E520B27E26D7100F89909 /* signal_strength_ios.app */,
				E79E522127E26D7300F89909 /* signal_strength_iosTests.xctest */,
				E79E522B27E26D7300F89909 /* signal_strength_iosUITests.xctest */,
			);
			name = Products;
			sourceTree = "<group>";
		};
		E79E520D27E26D7100F89909 /* signal_strength_ios */ = {
			isa = PBXGroup;
			children = (
				E72BA62927E649B20097CB79 /* structs */,
				E79E520E27E26D7100F89909 /* AppDelegate.swift */,
				E79E521027E26D7100F89909 /* SceneDelegate.swift */,
				E79E521227E26D7100F89909 /* IntroViewController.swift */,
				E79E521427E26D7100F89909 /* Main.storyboard */,
				E79E521727E26D7200F89909 /* Assets.xcassets */,
				E79E521927E26D7200F89909 /* LaunchScreen.storyboard */,
				E79E521C27E26D7200F89909 /* Info.plist */,
				E79E523E27E276B400F89909 /* ResultViewController.swift */,
				E730DBB127E51AE600DE7F22 /* DataController.swift */,
			);
			path = signal_strength_ios;
			sourceTree = "<group>";
		};
		E79E522427E26D7300F89909 /* signal_strength_iosTests */ = {
			isa = PBXGroup;
			children = (
				E79E522527E26D7300F89909 /* signal_strength_iosTests.swift */,
			);
			path = signal_strength_iosTests;
			sourceTree = "<group>";
		};
		E79E522E27E26D7300F89909 /* signal_strength_iosUITests */ = {
			isa = PBXGroup;
			children = (
				E79E522F27E26D7300F89909 /* signal_strength_iosUITests.swift */,
				E79E523127E26D7300F89909 /* signal_strength_iosUITestsLaunchTests.swift */,
			);
			path = signal_strength_iosUITests;
			sourceTree = "<group>";
		};
/* End PBXGroup section */

/* Begin PBXNativeTarget section */
		E79E520A27E26D7100F89909 /* signal_strength_ios */ = {
			isa = PBXNativeTarget;
			buildConfigurationList = E79E523527E26D7300F89909 /* Build configuration list for PBXNativeTarget "signal_strength_ios" */;
			buildPhases = (
				E79E520727E26D7100F89909 /* Sources */,
				E79E520827E26D7100F89909 /* Frameworks */,
				E79E520927E26D7100F89909 /* Resources */,
			);
			buildRules = (
			);
			dependencies = (
			);
			name = signal_strength_ios;
			productName = signal_strength_ios;
			productReference = E79E520B27E26D7100F89909 /* signal_strength_ios.app */;
			productType = "com.apple.product-type.application";
		};
		E79E522027E26D7300F89909 /* signal_strength_iosTests */ = {
			isa = PBXNativeTarget;
			buildConfigurationList = E79E523827E26D7300F89909 /* Build configuration list for PBXNativeTarget "signal_strength_iosTests" */;
			buildPhases = (
				E79E521D27E26D7300F89909 /* Sources */,
				E79E521E27E26D7300F89909 /* Frameworks */,
				E79E521F27E26D7300F89909 /* Resources */,
			);
			buildRules = (
			);
			dependencies = (
				E79E522327E26D7300F89909 /* PBXTargetDependency */,
			);
			name = signal_strength_iosTests;
			productName = signal_strength_iosTests;
			productReference = E79E522127E26D7300F89909 /* signal_strength_iosTests.xctest */;
			productType = "com.apple.product-type.bundle.unit-test";
		};
		E79E522A27E26D7300F89909 /* signal_strength_iosUITests */ = {
			isa = PBXNativeTarget;
			buildConfigurationList = E79E523B27E26D7300F89909 /* Build configuration list for PBXNativeTarget "signal_strength_iosUITests" */;
			buildPhases = (
				E79E522727E26D7300F89909 /* Sources */,
				E79E522827E26D7300F89909 /* Frameworks */,
				E79E522927E26D7300F89909 /* Resources */,
			);
			buildRules = (
			);
			dependencies = (
				E79E522D27E26D7300F89909 /* PBXTargetDependency */,
			);
			name = signal_strength_iosUITests;
			productName = signal_strength_iosUITests;
			productReference = E79E522B27E26D7300F89909 /* signal_strength_iosUITests.xctest */;
			productType = "com.apple.product-type.bundle.ui-testing";
		};
/* End PBXNativeTarget section */

/* Begin PBXProject section */
		E79E520327E26D7100F89909 /* Project object */ = {
			isa = PBXProject;
			attributes = {
				BuildIndependentTargetsInParallel = 1;
				LastSwiftUpdateCheck = 1330;
				LastUpgradeCheck = 1330;
				TargetAttributes = {
					E79E520A27E26D7100F89909 = {
						CreatedOnToolsVersion = 13.3;
					};
					E79E522027E26D7300F89909 = {
						CreatedOnToolsVersion = 13.3;
						TestTargetID = E79E520A27E26D7100F89909;
					};
					E79E522A27E26D7300F89909 = {
						CreatedOnToolsVersion = 13.3;
						TestTargetID = E79E520A27E26D7100F89909;
					};
				};
			};
			buildConfigurationList = E79E520627E26D7100F89909 /* Build configuration list for PBXProject "signal_strength_ios" */;
			compatibilityVersion = "Xcode 13.0";
			developmentRegion = en;
			hasScannedForEncodings = 0;
			knownRegions = (
				en,
				Base,
			);
			mainGroup = E79E520227E26D7100F89909;
			productRefGroup = E79E520C27E26D7100F89909 /* Products */;
			projectDirPath = "";
			projectRoot = "";
			targets = (
				E79E520A27E26D7100F89909 /* signal_strength_ios */,
				E79E522027E26D7300F89909 /* signal_strength_iosTests */,
				E79E522A27E26D7300F89909 /* signal_strength_iosUITests */,
			);
		};
/* End PBXProject section */

/* Begin PBXResourcesBuildPhase section */
		E79E520927E26D7100F89909 /* Resources */ = {
			isa = PBXResourcesBuildPhase;
			buildActionMask = 2147483647;
			files = (
				E79E521B27E26D7200F89909 /* LaunchScreen.storyboard in Resources */,
				E79E521827E26D7200F89909 /* Assets.xcassets in Resources */,
				E79E521627E26D7100F89909 /* Main.storyboard in Resources */,
			);
			runOnlyForDeploymentPostprocessing = 0;
		};
		E79E521F27E26D7300F89909 /* Resources */ = {
			isa = PBXResourcesBuildPhase;
			buildActionMask = 2147483647;
			files = (
			);
			runOnlyForDeploymentPostprocessing = 0;
		};
		E79E522927E26D7300F89909 /* Resources */ = {
			isa = PBXResourcesBuildPhase;
			buildActionMask = 2147483647;
			files = (
			);
			runOnlyForDeploymentPostprocessing = 0;
		};
/* End PBXResourcesBuildPhase section */

/* Begin PBXSourcesBuildPhase section */
		E79E520727E26D7100F89909 /* Sources */ = {
			isa = PBXSourcesBuildPhase;
			buildActionMask = 2147483647;
			files = (
				E730DBB227E51AE600DE7F22 /* DataController.swift in Sources */,
				E730DBB027E5032400DE7F22 /* Peripheral.xcdatamodeld in Sources */,
				E72BA62B27E649FE0097CB79 /* PeripheralStruct.swift in Sources */,
				E79E521327E26D7100F89909 /* IntroViewController.swift in Sources */,
				E79E520F27E26D7100F89909 /* AppDelegate.swift in Sources */,
				E79E521127E26D7100F89909 /* SceneDelegate.swift in Sources */,
				E79E523F27E276B400F89909 /* ResultViewController.swift in Sources */,
			);
			runOnlyForDeploymentPostprocessing = 0;
		};
		E79E521D27E26D7300F89909 /* Sources */ = {
			isa = PBXSourcesBuildPhase;
			buildActionMask = 2147483647;
			files = (
				E79E522627E26D7300F89909 /* signal_strength_iosTests.swift in Sources */,
			);
			runOnlyForDeploymentPostprocessing = 0;
		};
		E79E522727E26D7300F89909 /* Sources */ = {
			isa = PBXSourcesBuildPhase;
			buildActionMask = 2147483647;
			files = (
				E79E523027E26D7300F89909 /* signal_strength_iosUITests.swift in Sources */,
				E79E523227E26D7300F89909 /* signal_strength_iosUITestsLaunchTests.swift in Sources */,
			);
			runOnlyForDeploymentPostprocessing = 0;
		};
/* End PBXSourcesBuildPhase section */

/* Begin PBXTargetDependency section */
		E79E522327E26D7300F89909 /* PBXTargetDependency */ = {
			isa = PBXTargetDependency;
			target = E79E520A27E26D7100F89909 /* signal_strength_ios */;
			targetProxy = E79E522227E26D7300F89909 /* PBXContainerItemProxy */;
		};
		E79E522D27E26D7300F89909 /* PBXTargetDependency */ = {
			isa = PBXTargetDependency;
			target = E79E520A27E26D7100F89909 /* signal_strength_ios */;
			targetProxy = E79E522C27E26D7300F89909 /* PBXContainerItemProxy */;
		};
/* End PBXTargetDependency section */

/* Begin PBXVariantGroup section */
		E79E521427E26D7100F89909 /* Main.storyboard */ = {
			isa = PBXVariantGroup;
			children = (
				E79E521527E26D7100F89909 /* Base */,
			);
			name = Main.storyboard;
			sourceTree = "<group>";
		};
		E79E521927E26D7200F89909 /* LaunchScreen.storyboard */ = {
			isa = PBXVariantGroup;
			children = (
				E79E521A27E26D7200F89909 /* Base */,
			);
			name = LaunchScreen.storyboard;
			sourceTree = "<group>";
		};
/* End PBXVariantGroup section */

/* Begin XCBuildConfiguration section */
		E79E523327E26D7300F89909 /* Debug */ = {
			isa = XCBuildConfiguration;
			buildSettings = {
				ALWAYS_SEARCH_USER_PATHS = NO;
				CLANG_ANALYZER_NONNULL = YES;
				CLANG_ANALYZER_NUMBER_OBJECT_CONVERSION = YES_AGGRESSIVE;
				CLANG_CXX_LANGUAGE_STANDARD = "gnu++17";
				CLANG_ENABLE_MODULES = YES;
				CLANG_ENABLE_OBJC_ARC = YES;
				CLANG_ENABLE_OBJC_WEAK = YES;
				CLANG_WARN_BLOCK_CAPTURE_AUTORELEASING = YES;
				CLANG_WARN_BOOL_CONVERSION = YES;
				CLANG_WARN_COMMA = YES;
				CLANG_WARN_CONSTANT_CONVERSION = YES;
				CLANG_WARN_DEPRECATED_OBJC_IMPLEMENTATIONS = YES;
				CLANG_WARN_DIRECT_OBJC_ISA_USAGE = YES_ERROR;
				CLANG_WARN_DOCUMENTATION_COMMENTS = YES;
				CLANG_WARN_EMPTY_BODY = YES;
				CLANG_WARN_ENUM_CONVERSION = YES;
				CLANG_WARN_INFINITE_RECURSION = YES;
				CLANG_WARN_INT_CONVERSION = YES;
				CLANG_WARN_NON_LITERAL_NULL_CONVERSION = YES;
				CLANG_WARN_OBJC_IMPLICIT_RETAIN_SELF = YES;
				CLANG_WARN_OBJC_LITERAL_CONVERSION = YES;
				CLANG_WARN_OBJC_ROOT_CLASS = YES_ERROR;
				CLANG_WARN_QUOTED_INCLUDE_IN_FRAMEWORK_HEADER = YES;
				CLANG_WARN_RANGE_LOOP_ANALYSIS = YES;
				CLANG_WARN_STRICT_PROTOTYPES = YES;
				CLANG_WARN_SUSPICIOUS_MOVE = YES;
				CLANG_WARN_UNGUARDED_AVAILABILITY = YES_AGGRESSIVE;
				CLANG_WARN_UNREACHABLE_CODE = YES;
				CLANG_WARN__DUPLICATE_METHOD_MATCH = YES;
				COPY_PHASE_STRIP = NO;
				DEBUG_INFORMATION_FORMAT = dwarf;
				ENABLE_STRICT_OBJC_MSGSEND = YES;
				ENABLE_TESTABILITY = YES;
				GCC_C_LANGUAGE_STANDARD = gnu11;
				GCC_DYNAMIC_NO_PIC = NO;
				GCC_NO_COMMON_BLOCKS = YES;
				GCC_OPTIMIZATION_LEVEL = 0;
				GCC_PREPROCESSOR_DEFINITIONS = (
					"DEBUG=1",
					"$(inherited)",
				);
				GCC_WARN_64_TO_32_BIT_CONVERSION = YES;
				GCC_WARN_ABOUT_RETURN_TYPE = YES_ERROR;
				GCC_WARN_UNDECLARED_SELECTOR = YES;
				GCC_WARN_UNINITIALIZED_AUTOS = YES_AGGRESSIVE;
				GCC_WARN_UNUSED_FUNCTION = YES;
				GCC_WARN_UNUSED_VARIABLE = YES;
				IPHONEOS_DEPLOYMENT_TARGET = 14.0;
				MTL_ENABLE_DEBUG_INFO = INCLUDE_SOURCE;
				MTL_FAST_MATH = YES;
				ONLY_ACTIVE_ARCH = YES;
				SDKROOT = iphoneos;
				SWIFT_ACTIVE_COMPILATION_CONDITIONS = DEBUG;
				SWIFT_OPTIMIZATION_LEVEL = "-Onone";
			};
			name = Debug;
		};
		E79E523427E26D7300F89909 /* Release */ = {
			isa = XCBuildConfiguration;
			buildSettings = {
				ALWAYS_SEARCH_USER_PATHS = NO;
				CLANG_ANALYZER_NONNULL = YES;
				CLANG_ANALYZER_NUMBER_OBJECT_CONVERSION = YES_AGGRESSIVE;
				CLANG_CXX_LANGUAGE_STANDARD = "gnu++17";
				CLANG_ENABLE_MODULES = YES;
				CLANG_ENABLE_OBJC_ARC = YES;
				CLANG_ENABLE_OBJC_WEAK = YES;
				CLANG_WARN_BLOCK_CAPTURE_AUTORELEASING = YES;
				CLANG_WARN_BOOL_CONVERSION = YES;
				CLANG_WARN_COMMA = YES;
				CLANG_WARN_CONSTANT_CONVERSION = YES;
				CLANG_WARN_DEPRECATED_OBJC_IMPLEMENTATIONS = YES;
				CLANG_WARN_DIRECT_OBJC_ISA_USAGE = YES_ERROR;
				CLANG_WARN_DOCUMENTATION_COMMENTS = YES;
				CLANG_WARN_EMPTY_BODY = YES;
				CLANG_WARN_ENUM_CONVERSION = YES;
				CLANG_WARN_INFINITE_RECURSION = YES;
				CLANG_WARN_INT_CONVERSION = YES;
				CLANG_WARN_NON_LITERAL_NULL_CONVERSION = YES;
				CLANG_WARN_OBJC_IMPLICIT_RETAIN_SELF = YES;
				CLANG_WARN_OBJC_LITERAL_CONVERSION = YES;
				CLANG_WARN_OBJC_ROOT_CLASS = YES_ERROR;
				CLANG_WARN_QUOTED_INCLUDE_IN_FRAMEWORK_HEADER = YES;
				CLANG_WARN_RANGE_LOOP_ANALYSIS = YES;
				CLANG_WARN_STRICT_PROTOTYPES = YES;
				CLANG_WARN_SUSPICIOUS_MOVE = YES;
				CLANG_WARN_UNGUARDED_AVAILABILITY = YES_AGGRESSIVE;
				CLANG_WARN_UNREACHABLE_CODE = YES;
				CLANG_WARN__DUPLICATE_METHOD_MATCH = YES;
				COPY_PHASE_STRIP = NO;
				DEBUG_INFORMATION_FORMAT = "dwarf-with-dsym";
				ENABLE_NS_ASSERTIONS = NO;
				ENABLE_STRICT_OBJC_MSGSEND = YES;
				GCC_C_LANGUAGE_STANDARD = gnu11;
				GCC_NO_COMMON_BLOCKS = YES;
				GCC_WARN_64_TO_32_BIT_CONVERSION = YES;
				GCC_WARN_ABOUT_RETURN_TYPE = YES_ERROR;
				GCC_WARN_UNDECLARED_SELECTOR = YES;
				GCC_WARN_UNINITIALIZED_AUTOS = YES_AGGRESSIVE;
				GCC_WARN_UNUSED_FUNCTION = YES;
				GCC_WARN_UNUSED_VARIABLE = YES;
				IPHONEOS_DEPLOYMENT_TARGET = 14.0;
				MTL_ENABLE_DEBUG_INFO = NO;
				MTL_FAST_MATH = YES;
				SDKROOT = iphoneos;
				SWIFT_COMPILATION_MODE = wholemodule;
				SWIFT_OPTIMIZATION_LEVEL = "-O";
				VALIDATE_PRODUCT = YES;
			};
			name = Release;
		};
		E79E523627E26D7300F89909 /* Debug */ = {
			isa = XCBuildConfiguration;
			buildSettings = {
				ASSETCATALOG_COMPILER_APPICON_NAME = AppIcon;
				ASSETCATALOG_COMPILER_GLOBAL_ACCENT_COLOR_NAME = AccentColor;
				CODE_SIGN_STYLE = Automatic;
				CURRENT_PROJECT_VERSION = 1;
				DEVELOPMENT_TEAM = 66ST4CPVX8;
				GENERATE_INFOPLIST_FILE = YES;
				INFOPLIST_FILE = signal_strength_ios/Info.plist;
				INFOPLIST_KEY_UIApplicationSupportsIndirectInputEvents = YES;
				INFOPLIST_KEY_UILaunchStoryboardName = LaunchScreen;
				INFOPLIST_KEY_UIMainStoryboardFile = Main;
				INFOPLIST_KEY_UISupportedInterfaceOrientations_iPad = "UIInterfaceOrientationPortrait UIInterfaceOrientationPortraitUpsideDown UIInterfaceOrientationLandscapeLeft UIInterfaceOrientationLandscapeRight";
				INFOPLIST_KEY_UISupportedInterfaceOrientations_iPhone = "UIInterfaceOrientationPortrait UIInterfaceOrientationLandscapeLeft UIInterfaceOrientationLandscapeRight";
				LD_RUNPATH_SEARCH_PATHS = (
					"$(inherited)",
					"@executable_path/Frameworks",
				);
				MARKETING_VERSION = 1.0;
				PRODUCT_BUNDLE_IDENTIFIER = "com.bitpunchlab.signal-strength-ios";
				PRODUCT_NAME = "$(TARGET_NAME)";
				SWIFT_EMIT_LOC_STRINGS = YES;
				SWIFT_VERSION = 5.0;
				TARGETED_DEVICE_FAMILY = "1,2";
			};
			name = Debug;
		};
		E79E523727E26D7300F89909 /* Release */ = {
			isa = XCBuildConfiguration;
			buildSettings = {
				ASSETCATALOG_COMPILER_APPICON_NAME = AppIcon;
				ASSETCATALOG_COMPILER_GLOBAL_ACCENT_COLOR_NAME = AccentColor;
				CODE_SIGN_STYLE = Automatic;
				CURRENT_PROJECT_VERSION = 1;
				DEVELOPMENT_TEAM = 66ST4CPVX8;
				GENERATE_INFOPLIST_FILE = YES;
				INFOPLIST_FILE = signal_strength_ios/Info.plist;
				INFOPLIST_KEY_UIApplicationSupportsIndirectInputEvents = YES;
				INFOPLIST_KEY_UILaunchStoryboardName = LaunchScreen;
				INFOPLIST_KEY_UIMainStoryboardFile = Main;
				INFOPLIST_KEY_UISupportedInterfaceOrientations_iPad = "UIInterfaceOrientationPortrait UIInterfaceOrientationPortraitUpsideDown UIInterfaceOrientationLandscapeLeft UIInterfaceOrientationLandscapeRight";
				INFOPLIST_KEY_UISupportedInterfaceOrientations_iPhone = "UIInterfaceOrientationPortrait UIInterfaceOrientationLandscapeLeft UIInterfaceOrientationLandscapeRight";
				LD_RUNPATH_SEARCH_PATHS = (
					"$(inherited)",
					"@executable_path/Frameworks",
				);
				MARKETING_VERSION = 1.0;
				PRODUCT_BUNDLE_IDENTIFIER = "com.bitpunchlab.signal-strength-ios";
				PRODUCT_NAME = "$(TARGET_NAME)";
				SWIFT_EMIT_LOC_STRINGS = YES;
				SWIFT_VERSION = 5.0;
				TARGETED_DEVICE_FAMILY = "1,2";
			};
			name = Release;
		};
		E79E523927E26D7300F89909 /* Debug */ = {
			isa = XCBuildConfiguration;
			buildSettings = {
				ALWAYS_EMBED_SWIFT_STANDARD_LIBRARIES = YES;
				BUNDLE_LOADER = "$(TEST_HOST)";
				CODE_SIGN_STYLE = Automatic;
				CURRENT_PROJECT_VERSION = 1;
				DEVELOPMENT_TEAM = 66ST4CPVX8;
				GENERATE_INFOPLIST_FILE = YES;
				IPHONEOS_DEPLOYMENT_TARGET = 15.4;
				MARKETING_VERSION = 1.0;
				PRODUCT_BUNDLE_IDENTIFIER = "com.bitpunchlab.signal-strength-iosTests";
				PRODUCT_NAME = "$(TARGET_NAME)";
				SWIFT_EMIT_LOC_STRINGS = NO;
				SWIFT_VERSION = 5.0;
				TARGETED_DEVICE_FAMILY = "1,2";
				TEST_HOST = "$(BUILT_PRODUCTS_DIR)/signal_strength_ios.app/signal_strength_ios";
			};
			name = Debug;
		};
		E79E523A27E26D7300F89909 /* Release */ = {
			isa = XCBuildConfiguration;
			buildSettings = {
				ALWAYS_EMBED_SWIFT_STANDARD_LIBRARIES = YES;
				BUNDLE_LOADER = "$(TEST_HOST)";
				CODE_SIGN_STYLE = Automatic;
				CURRENT_PROJECT_VERSION = 1;
				DEVELOPMENT_TEAM = 66ST4CPVX8;
				GENERATE_INFOPLIST_FILE = YES;
				IPHONEOS_DEPLOYMENT_TARGET = 15.4;
				MARKETING_VERSION = 1.0;
				PRODUCT_BUNDLE_IDENTIFIER = "com.bitpunchlab.signal-strength-iosTests";
				PRODUCT_NAME = "$(TARGET_NAME)";
				SWIFT_EMIT_LOC_STRINGS = NO;
				SWIFT_VERSION = 5.0;
				TARGETED_DEVICE_FAMILY = "1,2";
				TEST_HOST = "$(BUILT_PRODUCTS_DIR)/signal_strength_ios.app/signal_strength_ios";
			};
			name = Release;
		};
		E79E523C27E26D7300F89909 /* Debug */ = {
			isa = XCBuildConfiguration;
			buildSettings = {
				ALWAYS_EMBED_SWIFT_STANDARD_LIBRARIES = YES;
				CODE_SIGN_STYLE = Automatic;
				CURRENT_PROJECT_VERSION = 1;
				DEVELOPMENT_TEAM = 66ST4CPVX8;
				GENERATE_INFOPLIST_FILE = YES;
				MARKETING_VERSION = 1.0;
				PRODUCT_BUNDLE_IDENTIFIER = "com.bitpunchlab.signal-strength-iosUITests";
				PRODUCT_NAME = "$(TARGET_NAME)";
				SWIFT_EMIT_LOC_STRINGS = NO;
				SWIFT_VERSION = 5.0;
				TARGETED_DEVICE_FAMILY = "1,2";
				TEST_TARGET_NAME = signal_strength_ios;
			};
			name = Debug;
		};
		E79E523D27E26D7300F89909 /* Release */ = {
			isa = XCBuildConfiguration;
			buildSettings = {
				ALWAYS_EMBED_SWIFT_STANDARD_LIBRARIES = YES;
				CODE_SIGN_STYLE = Automatic;
				CURRENT_PROJECT_VERSION = 1;
				DEVELOPMENT_TEAM = 66ST4CPVX8;
				GENERATE_INFOPLIST_FILE = YES;
				MARKETING_VERSION = 1.0;
				PRODUCT_BUNDLE_IDENTIFIER = "com.bitpunchlab.signal-strength-iosUITests";
				PRODUCT_NAME = "$(TARGET_NAME)";
				SWIFT_EMIT_LOC_STRINGS = NO;
				SWIFT_VERSION = 5.0;
				TARGETED_DEVICE_FAMILY = "1,2";
				TEST_TARGET_NAME = signal_strength_ios;
			};
			name = Release;
		};
/* End XCBuildConfiguration section */

/* Begin XCConfigurationList section */
		E79E520627E26D7100F89909 /* Build configuration list for PBXProject "signal_strength_ios" */ = {
			isa = XCConfigurationList;
			buildConfigurations = (
				E79E523327E26D7300F89909 /* Debug */,
				E79E523427E26D7300F89909 /* Release */,
			);
			defaultConfigurationIsVisible = 0;
			defaultConfigurationName = Release;
		};
		E79E523527E26D7300F89909 /* Build configuration list for PBXNativeTarget "signal_strength_ios" */ = {
			isa = XCConfigurationList;
			buildConfigurations = (
				E79E523627E26D7300F89909 /* Debug */,
				E79E523727E26D7300F89909 /* Release */,
			);
			defaultConfigurationIsVisible = 0;
			defaultConfigurationName = Release;
		};
		E79E523827E26D7300F89909 /* Build configuration list for PBXNativeTarget "signal_strength_iosTests" */ = {
			isa = XCConfigurationList;
			buildConfigurations = (
				E79E523927E26D7300F89909 /* Debug */,
				E79E523A27E26D7300F89909 /* Release */,
			);
			defaultConfigurationIsVisible = 0;
			defaultConfigurationName = Release;
		};
		E79E523B27E26D7300F89909 /* Build configuration list for PBXNativeTarget "signal_strength_iosUITests" */ = {
			isa = XCConfigurationList;
			buildConfigurations = (
				E79E523C27E26D7300F89909 /* Debug */,
				E79E523D27E26D7300F89909 /* Release */,
			);
			defaultConfigurationIsVisible = 0;
			defaultConfigurationName = Release;
		};
/* End XCConfigurationList section */

/* Begin XCVersionGroup section */
		E730DBAE27E5032400DE7F22 /* Peripheral.xcdatamodeld */ = {
			isa = XCVersionGroup;
			children = (
				E730DBAF27E5032400DE7F22 /* Peripheral.xcdatamodel */,
			);
			currentVersion = E730DBAF27E5032400DE7F22 /* Peripheral.xcdatamodel */;
			path = Peripheral.xcdatamodeld;
			sourceTree = "<group>";
			versionGroupType = wrapper.xcdatamodel;
		};
/* End XCVersionGroup section */
	};
	rootObject = E79E520327E26D7100F89909 /* Project object */;
}
